
Microsoft Visual Studio Solution File, Format Version 12.00
# Visual Studio Version 17
VisualStudioVersion = 17.1.32421.90
MinimumVisualStudioVersion = 10.0.40219.1
Project("{8BC9CEB8-8B4A-11D0-8D11-00A0C91BC942}") = "KursCpp3", "KursCpp3\KursCpp3.vcxproj", "{0BD5DAAE-ADB0-475C-AC35-91D0092D205D}"
EndProject
Project("{8BC9CEB8-8B4A-11D0-8D11-00A0C91BC942}") = "Zad1.1", "Zad1.1\Zad1.1.vcxproj", "{EE0B79D1-9413-429F-A601-A6D85A271821}"
EndProject
Project("{8BC9CEB8-8B4A-11D0-8D11-00A0C91BC942}") = "Zad1.2", "Zad1.2\Zad1.2.vcxproj", "{C46B37A1-525D-4759-8EE9-B13467B43634}"
EndProject
Project("{8BC9CEB8-8B4A-11D0-8D11-00A0C91BC942}") = "Zad1.5", "Zad1.5\Zad1.5.vcxproj", "{E28F88E2-FE9E-4AE3-AAC1-51EDD97E12BF}"
EndProject
Project("{8BC9CEB8-8B4A-11D0-8D11-00A0C91BC942}") = "Zad1.6", "Zad1.6\Zad1.6.vcxproj", "{3FB01253-B08D-4125-85DC-561F00D5215E}"
EndProject
Project("{8BC9CEB8-8B4A-11D0-8D11-00A0C91BC942}") = "Zad1.9", "Zad1.9\Zad1.9.vcxproj", "{2037AAF0-AA49-48D0-ADFD-617351DF1ACC}"
EndProject
Project("{8BC9CEB8-8B4A-11D0-8D11-00A0C91BC942}") = "Zad2.1", "Zad2.1\Zad2.1.vcxproj", "{E4B96BEF-944D-4C63-B6CF-816A70A74132}"
EndProject
Project("{8BC9CEB8-8B4A-11D0-8D11-00A0C91BC942}") = "Zad2.2", "Zad2.2\Zad2.2.vcxproj", "{2B5B7E7D-654B-4815-B753-D1C9BA313CCC}"
EndProject
Project("{8BC9CEB8-8B4A-11D0-8D11-00A0C91BC942}") = "Zad2.3", "Zad2.3\Zad2.3.vcxproj", "{74CDBD7B-487E-4B7B-BFB1-F20BC82E2131}"
EndProject
Project("{8BC9CEB8-8B4A-11D0-8D11-00A0C91BC942}") = "Zad2.4", "Zad2.4\Zad2.4.vcxproj", "{4234FF52-3463-4203-BDE9-02E6A4C9D9DD}"
EndProject
Project("{8BC9CEB8-8B4A-11D0-8D11-00A0C91BC942}") = "Zad2.5", "Zad2.5\Zad2.5.vcxproj", "{E97E4A32-B9AA-4DDD-9004-2544B9CA00C0}"
EndProject
Project("{8BC9CEB8-8B4A-11D0-8D11-00A0C91BC942}") = "Zad2.6", "Zad2.6\Zad2.6.vcxproj", "{B71663C1-2523-4851-8052-E1E3BA602A57}"
EndProject
Project("{8BC9CEB8-8B4A-11D0-8D11-00A0C91BC942}") = "Zad3.1", "Zad3.1\Zad3.1.vcxproj", "{ED8A6C60-4BE5-4BB5-95F0-3A6E7D7058C2}"
EndProject
Project("{8BC9CEB8-8B4A-11D0-8D11-00A0C91BC942}") = "Zad3.2", "Zad3.2\Zad3.2.vcxproj", "{718F674F-26F3-4B2C-A234-BBDBF6DD3A96}"
EndProject
Project("{8BC9CEB8-8B4A-11D0-8D11-00A0C91BC942}") = "Zad4.2", "Zad4.2\Zad4.2.vcxproj", "{89AC97C3-898D-47CA-B427-5328578A75BF}"
EndProject
Project("{8BC9CEB8-8B4A-11D0-8D11-00A0C91BC942}") = "Zad4.4", "Zad4.4\Zad4.4.vcxproj", "{1CFDB2D6-104F-4B5C-942E-FFF8922B243A}"
EndProject
Project("{8BC9CEB8-8B4A-11D0-8D11-00A0C91BC942}") = "Zad4.6", "Zad4.6\Zad4.6.vcxproj", "{DFF9C947-AFC5-42F0-A692-9F6071968CDC}"
EndProject
Project("{8BC9CEB8-8B4A-11D0-8D11-00A0C91BC942}") = "Zad4.7", "Zad4.7\Zad4.7.vcxproj", "{A0CBCD36-ADF7-4259-BECF-B7E716B90F8B}"
EndProject
Project("{8BC9CEB8-8B4A-11D0-8D11-00A0C91BC942}") = "Zad4.8", "Zad4.8\Zad4.8.vcxproj", "{24AF2950-575D-4807-8780-60DE6460227E}"
EndProject
Project("{8BC9CEB8-8B4A-11D0-8D11-00A0C91BC942}") = "Zad4.9", "Zad4.9\Zad4.9.vcxproj", "{3A1919AD-DA34-4E63-BEC5-5BDF66632135}"
EndProject
Project("{8BC9CEB8-8B4A-11D0-8D11-00A0C91BC942}") = "Zad4.10", "Zad4.10\Zad4.10.vcxproj", "{D7233272-5184-49D0-8880-07DC8CA070DC}"
EndProject
Project("{8BC9CEB8-8B4A-11D0-8D11-00A0C91BC942}") = "Zad5.1", "Zad5.1\Zad5.1.vcxproj", "{457EBF33-AB3D-4A81-A420-ECB3B7757739}"
EndProject
Project("{8BC9CEB8-8B4A-11D0-8D11-00A0C91BC942}") = "Zad5.3", "Zad5.3\Zad5.3.vcxproj", "{870E0513-AC73-43CC-BDC5-E861FAF12FD2}"
EndProject
Project("{8BC9CEB8-8B4A-11D0-8D11-00A0C91BC942}") = "Zad5.5", "Zad5.5\Zad5.5.vcxproj", "{194910B1-8172-4079-97CF-7D18D3015DD2}"
EndProject
Project("{8BC9CEB8-8B4A-11D0-8D11-00A0C91BC942}") = "Zad5.7", "Zad5.7\Zad5.7.vcxproj", "{1650B4BD-6FDF-4A42-B7C9-B2D6459017A1}"
EndProject
Project("{8BC9CEB8-8B4A-11D0-8D11-00A0C91BC942}") = "Zad5.8", "Zad5.8\Zad5.8.vcxproj", "{A755CB3D-A34B-49AF-B61F-E9FA76A7FDB3}"
EndProject
Project("{8BC9CEB8-8B4A-11D0-8D11-00A0C91BC942}") = "Zad6.1", "Zad6.1\Zad6.1.vcxproj", "{ADE6A938-AE4A-4135-9161-6B72FF8BDD99}"
EndProject
Project("{8BC9CEB8-8B4A-11D0-8D11-00A0C91BC942}") = "Zad6.1b", "Zad6.1b\Zad6.1b.vcxproj", "{C2066342-1747-45A6-8D5F-7BAEA37EC948}"
EndProject
Project("{8BC9CEB8-8B4A-11D0-8D11-00A0C91BC942}") = "Zad5.9", "Zad5.9\Zad5.9.vcxproj", "{8A256FF3-E83E-460E-998F-A90C63905188}"
EndProject
Project("{8BC9CEB8-8B4A-11D0-8D11-00A0C91BC942}") = "Zad7.1", "Zad7.1\Zad7.1.vcxproj", "{F0FB664A-F663-4237-B5AE-89FBC3CE3C4C}"
EndProject
Project("{8BC9CEB8-8B4A-11D0-8D11-00A0C91BC942}") = "Zad7.2", "Zad7.2\Zad7.2.vcxproj", "{F2EB9578-ED7E-4230-A0E9-BD72FC5BFF0E}"
EndProject
Project("{8BC9CEB8-8B4A-11D0-8D11-00A0C91BC942}") = "Zad7.3", "Zad7.3\Zad7.3.vcxproj", "{18A823E2-BD78-4797-8079-ACF6DC04EAE8}"
EndProject
Project("{8BC9CEB8-8B4A-11D0-8D11-00A0C91BC942}") = "Zad7.4", "Zad7.4\Zad7.4.vcxproj", "{F0676FC2-1298-43E4-AA8B-EC36DB4E86A0}"
EndProject
Project("{8BC9CEB8-8B4A-11D0-8D11-00A0C91BC942}") = "Zad7.11", "Zad7.11\Zad7.11.vcxproj", "{1F0AD300-E4D3-4E96-B51A-F1813E5C02D6}"
EndProject
Global
	GlobalSection(SolutionConfigurationPlatforms) = preSolution
		Debug|x64 = Debug|x64
		Debug|x86 = Debug|x86
		Release|x64 = Release|x64
		Release|x86 = Release|x86
	EndGlobalSection
	GlobalSection(ProjectConfigurationPlatforms) = postSolution
		{0BD5DAAE-ADB0-475C-AC35-91D0092D205D}.Debug|x64.ActiveCfg = Debug|x64
		{0BD5DAAE-ADB0-475C-AC35-91D0092D205D}.Debug|x64.Build.0 = Debug|x64
		{0BD5DAAE-ADB0-475C-AC35-91D0092D205D}.Debug|x86.ActiveCfg = Debug|Win32
		{0BD5DAAE-ADB0-475C-AC35-91D0092D205D}.Debug|x86.Build.0 = Debug|Win32
		{0BD5DAAE-ADB0-475C-AC35-91D0092D205D}.Release|x64.ActiveCfg = Release|x64
		{0BD5DAAE-ADB0-475C-AC35-91D0092D205D}.Release|x64.Build.0 = Release|x64
		{0BD5DAAE-ADB0-475C-AC35-91D0092D205D}.Release|x86.ActiveCfg = Release|Win32
		{0BD5DAAE-ADB0-475C-AC35-91D0092D205D}.Release|x86.Build.0 = Release|Win32
		{EE0B79D1-9413-429F-A601-A6D85A271821}.Debug|x64.ActiveCfg = Debug|x64
		{EE0B79D1-9413-429F-A601-A6D85A271821}.Debug|x64.Build.0 = Debug|x64
		{EE0B79D1-9413-429F-A601-A6D85A271821}.Debug|x86.ActiveCfg = Debug|Win32
		{EE0B79D1-9413-429F-A601-A6D85A271821}.Debug|x86.Build.0 = Debug|Win32
		{EE0B79D1-9413-429F-A601-A6D85A271821}.Release|x64.ActiveCfg = Release|x64
		{EE0B79D1-9413-429F-A601-A6D85A271821}.Release|x64.Build.0 = Release|x64
		{EE0B79D1-9413-429F-A601-A6D85A271821}.Release|x86.ActiveCfg = Release|Win32
		{EE0B79D1-9413-429F-A601-A6D85A271821}.Release|x86.Build.0 = Release|Win32
		{C46B37A1-525D-4759-8EE9-B13467B43634}.Debug|x64.ActiveCfg = Debug|x64
		{C46B37A1-525D-4759-8EE9-B13467B43634}.Debug|x64.Build.0 = Debug|x64
		{C46B37A1-525D-4759-8EE9-B13467B43634}.Debug|x86.ActiveCfg = Debug|Win32
		{C46B37A1-525D-4759-8EE9-B13467B43634}.Debug|x86.Build.0 = Debug|Win32
		{C46B37A1-525D-4759-8EE9-B13467B43634}.Release|x64.ActiveCfg = Release|x64
		{C46B37A1-525D-4759-8EE9-B13467B43634}.Release|x64.Build.0 = Release|x64
		{C46B37A1-525D-4759-8EE9-B13467B43634}.Release|x86.ActiveCfg = Release|Win32
		{C46B37A1-525D-4759-8EE9-B13467B43634}.Release|x86.Build.0 = Release|Win32
		{E28F88E2-FE9E-4AE3-AAC1-51EDD97E12BF}.Debug|x64.ActiveCfg = Debug|x64
		{E28F88E2-FE9E-4AE3-AAC1-51EDD97E12BF}.Debug|x64.Build.0 = Debug|x64
		{E28F88E2-FE9E-4AE3-AAC1-51EDD97E12BF}.Debug|x86.ActiveCfg = Debug|Win32
		{E28F88E2-FE9E-4AE3-AAC1-51EDD97E12BF}.Debug|x86.Build.0 = Debug|Win32
		{E28F88E2-FE9E-4AE3-AAC1-51EDD97E12BF}.Release|x64.ActiveCfg = Release|x64
		{E28F88E2-FE9E-4AE3-AAC1-51EDD97E12BF}.Release|x64.Build.0 = Release|x64
		{E28F88E2-FE9E-4AE3-AAC1-51EDD97E12BF}.Release|x86.ActiveCfg = Release|Win32
		{E28F88E2-FE9E-4AE3-AAC1-51EDD97E12BF}.Release|x86.Build.0 = Release|Win32
		{3FB01253-B08D-4125-85DC-561F00D5215E}.Debug|x64.ActiveCfg = Debug|x64
		{3FB01253-B08D-4125-85DC-561F00D5215E}.Debug|x64.Build.0 = Debug|x64
		{3FB01253-B08D-4125-85DC-561F00D5215E}.Debug|x86.ActiveCfg = Debug|Win32
		{3FB01253-B08D-4125-85DC-561F00D5215E}.Debug|x86.Build.0 = Debug|Win32
		{3FB01253-B08D-4125-85DC-561F00D5215E}.Release|x64.ActiveCfg = Release|x64
		{3FB01253-B08D-4125-85DC-561F00D5215E}.Release|x64.Build.0 = Release|x64
		{3FB01253-B08D-4125-85DC-561F00D5215E}.Release|x86.ActiveCfg = Release|Win32
		{3FB01253-B08D-4125-85DC-561F00D5215E}.Release|x86.Build.0 = Release|Win32
		{2037AAF0-AA49-48D0-ADFD-617351DF1ACC}.Debug|x64.ActiveCfg = Debug|x64
		{2037AAF0-AA49-48D0-ADFD-617351DF1ACC}.Debug|x64.Build.0 = Debug|x64
		{2037AAF0-AA49-48D0-ADFD-617351DF1ACC}.Debug|x86.ActiveCfg = Debug|Win32
		{2037AAF0-AA49-48D0-ADFD-617351DF1ACC}.Debug|x86.Build.0 = Debug|Win32
		{2037AAF0-AA49-48D0-ADFD-617351DF1ACC}.Release|x64.ActiveCfg = Release|x64
		{2037AAF0-AA49-48D0-ADFD-617351DF1ACC}.Release|x64.Build.0 = Release|x64
		{2037AAF0-AA49-48D0-ADFD-617351DF1ACC}.Release|x86.ActiveCfg = Release|Win32
		{2037AAF0-AA49-48D0-ADFD-617351DF1ACC}.Release|x86.Build.0 = Release|Win32
		{E4B96BEF-944D-4C63-B6CF-816A70A74132}.Debug|x64.ActiveCfg = Debug|x64
		{E4B96BEF-944D-4C63-B6CF-816A70A74132}.Debug|x64.Build.0 = Debug|x64
		{E4B96BEF-944D-4C63-B6CF-816A70A74132}.Debug|x86.ActiveCfg = Debug|Win32
		{E4B96BEF-944D-4C63-B6CF-816A70A74132}.Debug|x86.Build.0 = Debug|Win32
		{E4B96BEF-944D-4C63-B6CF-816A70A74132}.Release|x64.ActiveCfg = Release|x64
		{E4B96BEF-944D-4C63-B6CF-816A70A74132}.Release|x64.Build.0 = Release|x64
		{E4B96BEF-944D-4C63-B6CF-816A70A74132}.Release|x86.ActiveCfg = Release|Win32
		{E4B96BEF-944D-4C63-B6CF-816A70A74132}.Release|x86.Build.0 = Release|Win32
		{2B5B7E7D-654B-4815-B753-D1C9BA313CCC}.Debug|x64.ActiveCfg = Debug|x64
		{2B5B7E7D-654B-4815-B753-D1C9BA313CCC}.Debug|x64.Build.0 = Debug|x64
		{2B5B7E7D-654B-4815-B753-D1C9BA313CCC}.Debug|x86.ActiveCfg = Debug|Win32
		{2B5B7E7D-654B-4815-B753-D1C9BA313CCC}.Debug|x86.Build.0 = Debug|Win32
		{2B5B7E7D-654B-4815-B753-D1C9BA313CCC}.Release|x64.ActiveCfg = Release|x64
		{2B5B7E7D-654B-4815-B753-D1C9BA313CCC}.Release|x64.Build.0 = Release|x64
		{2B5B7E7D-654B-4815-B753-D1C9BA313CCC}.Release|x86.ActiveCfg = Release|Win32
		{2B5B7E7D-654B-4815-B753-D1C9BA313CCC}.Release|x86.Build.0 = Release|Win32
		{74CDBD7B-487E-4B7B-BFB1-F20BC82E2131}.Debug|x64.ActiveCfg = Debug|x64
		{74CDBD7B-487E-4B7B-BFB1-F20BC82E2131}.Debug|x64.Build.0 = Debug|x64
		{74CDBD7B-487E-4B7B-BFB1-F20BC82E2131}.Debug|x86.ActiveCfg = Debug|Win32
		{74CDBD7B-487E-4B7B-BFB1-F20BC82E2131}.Debug|x86.Build.0 = Debug|Win32
		{74CDBD7B-487E-4B7B-BFB1-F20BC82E2131}.Release|x64.ActiveCfg = Release|x64
		{74CDBD7B-487E-4B7B-BFB1-F20BC82E2131}.Release|x64.Build.0 = Release|x64
		{74CDBD7B-487E-4B7B-BFB1-F20BC82E2131}.Release|x86.ActiveCfg = Release|Win32
		{74CDBD7B-487E-4B7B-BFB1-F20BC82E2131}.Release|x86.Build.0 = Release|Win32
		{4234FF52-3463-4203-BDE9-02E6A4C9D9DD}.Debug|x64.ActiveCfg = Debug|x64
		{4234FF52-3463-4203-BDE9-02E6A4C9D9DD}.Debug|x64.Build.0 = Debug|x64
		{4234FF52-3463-4203-BDE9-02E6A4C9D9DD}.Debug|x86.ActiveCfg = Debug|Win32
		{4234FF52-3463-4203-BDE9-02E6A4C9D9DD}.Debug|x86.Build.0 = Debug|Win32
		{4234FF52-3463-4203-BDE9-02E6A4C9D9DD}.Release|x64.ActiveCfg = Release|x64
		{4234FF52-3463-4203-BDE9-02E6A4C9D9DD}.Release|x64.Build.0 = Release|x64
		{4234FF52-3463-4203-BDE9-02E6A4C9D9DD}.Release|x86.ActiveCfg = Release|Win32
		{4234FF52-3463-4203-BDE9-02E6A4C9D9DD}.Release|x86.Build.0 = Release|Win32
		{E97E4A32-B9AA-4DDD-9004-2544B9CA00C0}.Debug|x64.ActiveCfg = Debug|x64
		{E97E4A32-B9AA-4DDD-9004-2544B9CA00C0}.Debug|x64.Build.0 = Debug|x64
		{E97E4A32-B9AA-4DDD-9004-2544B9CA00C0}.Debug|x86.ActiveCfg = Debug|Win32
		{E97E4A32-B9AA-4DDD-9004-2544B9CA00C0}.Debug|x86.Build.0 = Debug|Win32
		{E97E4A32-B9AA-4DDD-9004-2544B9CA00C0}.Release|x64.ActiveCfg = Release|x64
		{E97E4A32-B9AA-4DDD-9004-2544B9CA00C0}.Release|x64.Build.0 = Release|x64
		{E97E4A32-B9AA-4DDD-9004-2544B9CA00C0}.Release|x86.ActiveCfg = Release|Win32
		{E97E4A32-B9AA-4DDD-9004-2544B9CA00C0}.Release|x86.Build.0 = Release|Win32
		{B71663C1-2523-4851-8052-E1E3BA602A57}.Debug|x64.ActiveCfg = Debug|x64
		{B71663C1-2523-4851-8052-E1E3BA602A57}.Debug|x64.Build.0 = Debug|x64
		{B71663C1-2523-4851-8052-E1E3BA602A57}.Debug|x86.ActiveCfg = Debug|Win32
		{B71663C1-2523-4851-8052-E1E3BA602A57}.Debug|x86.Build.0 = Debug|Win32
		{B71663C1-2523-4851-8052-E1E3BA602A57}.Release|x64.ActiveCfg = Release|x64
		{B71663C1-2523-4851-8052-E1E3BA602A57}.Release|x64.Build.0 = Release|x64
		{B71663C1-2523-4851-8052-E1E3BA602A57}.Release|x86.ActiveCfg = Release|Win32
		{B71663C1-2523-4851-8052-E1E3BA602A57}.Release|x86.Build.0 = Release|Win32
		{ED8A6C60-4BE5-4BB5-95F0-3A6E7D7058C2}.Debug|x64.ActiveCfg = Debug|x64
		{ED8A6C60-4BE5-4BB5-95F0-3A6E7D7058C2}.Debug|x64.Build.0 = Debug|x64
		{ED8A6C60-4BE5-4BB5-95F0-3A6E7D7058C2}.Debug|x86.ActiveCfg = Debug|Win32
		{ED8A6C60-4BE5-4BB5-95F0-3A6E7D7058C2}.Debug|x86.Build.0 = Debug|Win32
		{ED8A6C60-4BE5-4BB5-95F0-3A6E7D7058C2}.Release|x64.ActiveCfg = Release|x64
		{ED8A6C60-4BE5-4BB5-95F0-3A6E7D7058C2}.Release|x64.Build.0 = Release|x64
		{ED8A6C60-4BE5-4BB5-95F0-3A6E7D7058C2}.Release|x86.ActiveCfg = Release|Win32
		{ED8A6C60-4BE5-4BB5-95F0-3A6E7D7058C2}.Release|x86.Build.0 = Release|Win32
		{718F674F-26F3-4B2C-A234-BBDBF6DD3A96}.Debug|x64.ActiveCfg = Debug|x64
		{718F674F-26F3-4B2C-A234-BBDBF6DD3A96}.Debug|x64.Build.0 = Debug|x64
		{718F674F-26F3-4B2C-A234-BBDBF6DD3A96}.Debug|x86.ActiveCfg = Debug|Win32
		{718F674F-26F3-4B2C-A234-BBDBF6DD3A96}.Debug|x86.Build.0 = Debug|Win32
		{718F674F-26F3-4B2C-A234-BBDBF6DD3A96}.Release|x64.ActiveCfg = Release|x64
		{718F674F-26F3-4B2C-A234-BBDBF6DD3A96}.Release|x64.Build.0 = Release|x64
		{718F674F-26F3-4B2C-A234-BBDBF6DD3A96}.Release|x86.ActiveCfg = Release|Win32
		{718F674F-26F3-4B2C-A234-BBDBF6DD3A96}.Release|x86.Build.0 = Release|Win32
		{89AC97C3-898D-47CA-B427-5328578A75BF}.Debug|x64.ActiveCfg = Debug|x64
		{89AC97C3-898D-47CA-B427-5328578A75BF}.Debug|x64.Build.0 = Debug|x64
		{89AC97C3-898D-47CA-B427-5328578A75BF}.Debug|x86.ActiveCfg = Debug|Win32
		{89AC97C3-898D-47CA-B427-5328578A75BF}.Debug|x86.Build.0 = Debug|Win32
		{89AC97C3-898D-47CA-B427-5328578A75BF}.Release|x64.ActiveCfg = Release|x64
		{89AC97C3-898D-47CA-B427-5328578A75BF}.Release|x64.Build.0 = Release|x64
		{89AC97C3-898D-47CA-B427-5328578A75BF}.Release|x86.ActiveCfg = Release|Win32
		{89AC97C3-898D-47CA-B427-5328578A75BF}.Release|x86.Build.0 = Release|Win32
		{1CFDB2D6-104F-4B5C-942E-FFF8922B243A}.Debug|x64.ActiveCfg = Debug|x64
		{1CFDB2D6-104F-4B5C-942E-FFF8922B243A}.Debug|x64.Build.0 = Debug|x64
		{1CFDB2D6-104F-4B5C-942E-FFF8922B243A}.Debug|x86.ActiveCfg = Debug|Win32
		{1CFDB2D6-104F-4B5C-942E-FFF8922B243A}.Debug|x86.Build.0 = Debug|Win32
		{1CFDB2D6-104F-4B5C-942E-FFF8922B243A}.Release|x64.ActiveCfg = Release|x64
		{1CFDB2D6-104F-4B5C-942E-FFF8922B243A}.Release|x64.Build.0 = Release|x64
		{1CFDB2D6-104F-4B5C-942E-FFF8922B243A}.Release|x86.ActiveCfg = Release|Win32
		{1CFDB2D6-104F-4B5C-942E-FFF8922B243A}.Release|x86.Build.0 = Release|Win32
		{DFF9C947-AFC5-42F0-A692-9F6071968CDC}.Debug|x64.ActiveCfg = Debug|x64
		{DFF9C947-AFC5-42F0-A692-9F6071968CDC}.Debug|x64.Build.0 = Debug|x64
		{DFF9C947-AFC5-42F0-A692-9F6071968CDC}.Debug|x86.ActiveCfg = Debug|Win32
		{DFF9C947-AFC5-42F0-A692-9F6071968CDC}.Debug|x86.Build.0 = Debug|Win32
		{DFF9C947-AFC5-42F0-A692-9F6071968CDC}.Release|x64.ActiveCfg = Release|x64
		{DFF9C947-AFC5-42F0-A692-9F6071968CDC}.Release|x64.Build.0 = Release|x64
		{DFF9C947-AFC5-42F0-A692-9F6071968CDC}.Release|x86.ActiveCfg = Release|Win32
		{DFF9C947-AFC5-42F0-A692-9F6071968CDC}.Release|x86.Build.0 = Release|Win32
		{A0CBCD36-ADF7-4259-BECF-B7E716B90F8B}.Debug|x64.ActiveCfg = Debug|x64
		{A0CBCD36-ADF7-4259-BECF-B7E716B90F8B}.Debug|x64.Build.0 = Debug|x64
		{A0CBCD36-ADF7-4259-BECF-B7E716B90F8B}.Debug|x86.ActiveCfg = Debug|Win32
		{A0CBCD36-ADF7-4259-BECF-B7E716B90F8B}.Debug|x86.Build.0 = Debug|Win32
		{A0CBCD36-ADF7-4259-BECF-B7E716B90F8B}.Release|x64.ActiveCfg = Release|x64
		{A0CBCD36-ADF7-4259-BECF-B7E716B90F8B}.Release|x64.Build.0 = Release|x64
		{A0CBCD36-ADF7-4259-BECF-B7E716B90F8B}.Release|x86.ActiveCfg = Release|Win32
		{A0CBCD36-ADF7-4259-BECF-B7E716B90F8B}.Release|x86.Build.0 = Release|Win32
		{24AF2950-575D-4807-8780-60DE6460227E}.Debug|x64.ActiveCfg = Debug|x64
		{24AF2950-575D-4807-8780-60DE6460227E}.Debug|x64.Build.0 = Debug|x64
		{24AF2950-575D-4807-8780-60DE6460227E}.Debug|x86.ActiveCfg = Debug|Win32
		{24AF2950-575D-4807-8780-60DE6460227E}.Debug|x86.Build.0 = Debug|Win32
		{24AF2950-575D-4807-8780-60DE6460227E}.Release|x64.ActiveCfg = Release|x64
		{24AF2950-575D-4807-8780-60DE6460227E}.Release|x64.Build.0 = Release|x64
		{24AF2950-575D-4807-8780-60DE6460227E}.Release|x86.ActiveCfg = Release|Win32
		{24AF2950-575D-4807-8780-60DE6460227E}.Release|x86.Build.0 = Release|Win32
		{3A1919AD-DA34-4E63-BEC5-5BDF66632135}.Debug|x64.ActiveCfg = Debug|x64
		{3A1919AD-DA34-4E63-BEC5-5BDF66632135}.Debug|x64.Build.0 = Debug|x64
		{3A1919AD-DA34-4E63-BEC5-5BDF66632135}.Debug|x86.ActiveCfg = Debug|Win32
		{3A1919AD-DA34-4E63-BEC5-5BDF66632135}.Debug|x86.Build.0 = Debug|Win32
		{3A1919AD-DA34-4E63-BEC5-5BDF66632135}.Release|x64.ActiveCfg = Release|x64
		{3A1919AD-DA34-4E63-BEC5-5BDF66632135}.Release|x64.Build.0 = Release|x64
		{3A1919AD-DA34-4E63-BEC5-5BDF66632135}.Release|x86.ActiveCfg = Release|Win32
		{3A1919AD-DA34-4E63-BEC5-5BDF66632135}.Release|x86.Build.0 = Release|Win32
		{D7233272-5184-49D0-8880-07DC8CA070DC}.Debug|x64.ActiveCfg = Debug|x64
		{D7233272-5184-49D0-8880-07DC8CA070DC}.Debug|x64.Build.0 = Debug|x64
		{D7233272-5184-49D0-8880-07DC8CA070DC}.Debug|x86.ActiveCfg = Debug|Win32
		{D7233272-5184-49D0-8880-07DC8CA070DC}.Debug|x86.Build.0 = Debug|Win32
		{D7233272-5184-49D0-8880-07DC8CA070DC}.Release|x64.ActiveCfg = Release|x64
		{D7233272-5184-49D0-8880-07DC8CA070DC}.Release|x64.Build.0 = Release|x64
		{D7233272-5184-49D0-8880-07DC8CA070DC}.Release|x86.ActiveCfg = Release|Win32
		{D7233272-5184-49D0-8880-07DC8CA070DC}.Release|x86.Build.0 = Release|Win32
		{457EBF33-AB3D-4A81-A420-ECB3B7757739}.Debug|x64.ActiveCfg = Debug|x64
		{457EBF33-AB3D-4A81-A420-ECB3B7757739}.Debug|x64.Build.0 = Debug|x64
		{457EBF33-AB3D-4A81-A420-ECB3B7757739}.Debug|x86.ActiveCfg = Debug|Win32
		{457EBF33-AB3D-4A81-A420-ECB3B7757739}.Debug|x86.Build.0 = Debug|Win32
		{457EBF33-AB3D-4A81-A420-ECB3B7757739}.Release|x64.ActiveCfg = Release|x64
		{457EBF33-AB3D-4A81-A420-ECB3B7757739}.Release|x64.Build.0 = Release|x64
		{457EBF33-AB3D-4A81-A420-ECB3B7757739}.Release|x86.ActiveCfg = Release|Win32
		{457EBF33-AB3D-4A81-A420-ECB3B7757739}.Release|x86.Build.0 = Release|Win32
		{870E0513-AC73-43CC-BDC5-E861FAF12FD2}.Debug|x64.ActiveCfg = Debug|x64
		{870E0513-AC73-43CC-BDC5-E861FAF12FD2}.Debug|x64.Build.0 = Debug|x64
		{870E0513-AC73-43CC-BDC5-E861FAF12FD2}.Debug|x86.ActiveCfg = Debug|Win32
		{870E0513-AC73-43CC-BDC5-E861FAF12FD2}.Debug|x86.Build.0 = Debug|Win32
		{870E0513-AC73-43CC-BDC5-E861FAF12FD2}.Release|x64.ActiveCfg = Release|x64
		{870E0513-AC73-43CC-BDC5-E861FAF12FD2}.Release|x64.Build.0 = Release|x64
		{870E0513-AC73-43CC-BDC5-E861FAF12FD2}.Release|x86.ActiveCfg = Release|Win32
		{870E0513-AC73-43CC-BDC5-E861FAF12FD2}.Release|x86.Build.0 = Release|Win32
		{194910B1-8172-4079-97CF-7D18D3015DD2}.Debug|x64.ActiveCfg = Debug|x64
		{194910B1-8172-4079-97CF-7D18D3015DD2}.Debug|x64.Build.0 = Debug|x64
		{194910B1-8172-4079-97CF-7D18D3015DD2}.Debug|x86.ActiveCfg = Debug|Win32
		{194910B1-8172-4079-97CF-7D18D3015DD2}.Debug|x86.Build.0 = Debug|Win32
		{194910B1-8172-4079-97CF-7D18D3015DD2}.Release|x64.ActiveCfg = Release|x64
		{194910B1-8172-4079-97CF-7D18D3015DD2}.Release|x64.Build.0 = Release|x64
		{194910B1-8172-4079-97CF-7D18D3015DD2}.Release|x86.ActiveCfg = Release|Win32
		{194910B1-8172-4079-97CF-7D18D3015DD2}.Release|x86.Build.0 = Release|Win32
		{1650B4BD-6FDF-4A42-B7C9-B2D6459017A1}.Debug|x64.ActiveCfg = Debug|x64
		{1650B4BD-6FDF-4A42-B7C9-B2D6459017A1}.Debug|x64.Build.0 = Debug|x64
		{1650B4BD-6FDF-4A42-B7C9-B2D6459017A1}.Debug|x86.ActiveCfg = Debug|Win32
		{1650B4BD-6FDF-4A42-B7C9-B2D6459017A1}.Debug|x86.Build.0 = Debug|Win32
		{1650B4BD-6FDF-4A42-B7C9-B2D6459017A1}.Release|x64.ActiveCfg = Release|x64
		{1650B4BD-6FDF-4A42-B7C9-B2D6459017A1}.Release|x64.Build.0 = Release|x64
		{1650B4BD-6FDF-4A42-B7C9-B2D6459017A1}.Release|x86.ActiveCfg = Release|Win32
		{1650B4BD-6FDF-4A42-B7C9-B2D6459017A1}.Release|x86.Build.0 = Release|Win32
		{A755CB3D-A34B-49AF-B61F-E9FA76A7FDB3}.Debug|x64.ActiveCfg = Debug|x64
		{A755CB3D-A34B-49AF-B61F-E9FA76A7FDB3}.Debug|x64.Build.0 = Debug|x64
		{A755CB3D-A34B-49AF-B61F-E9FA76A7FDB3}.Debug|x86.ActiveCfg = Debug|Win32
		{A755CB3D-A34B-49AF-B61F-E9FA76A7FDB3}.Debug|x86.Build.0 = Debug|Win32
		{A755CB3D-A34B-49AF-B61F-E9FA76A7FDB3}.Release|x64.ActiveCfg = Release|x64
		{A755CB3D-A34B-49AF-B61F-E9FA76A7FDB3}.Release|x64.Build.0 = Release|x64
		{A755CB3D-A34B-49AF-B61F-E9FA76A7FDB3}.Release|x86.ActiveCfg = Release|Win32
		{A755CB3D-A34B-49AF-B61F-E9FA76A7FDB3}.Release|x86.Build.0 = Release|Win32
		{ADE6A938-AE4A-4135-9161-6B72FF8BDD99}.Debug|x64.ActiveCfg = Debug|x64
		{ADE6A938-AE4A-4135-9161-6B72FF8BDD99}.Debug|x64.Build.0 = Debug|x64
		{ADE6A938-AE4A-4135-9161-6B72FF8BDD99}.Debug|x86.ActiveCfg = Debug|Win32
		{ADE6A938-AE4A-4135-9161-6B72FF8BDD99}.Debug|x86.Build.0 = Debug|Win32
		{ADE6A938-AE4A-4135-9161-6B72FF8BDD99}.Release|x64.ActiveCfg = Release|x64
		{ADE6A938-AE4A-4135-9161-6B72FF8BDD99}.Release|x64.Build.0 = Release|x64
		{ADE6A938-AE4A-4135-9161-6B72FF8BDD99}.Release|x86.ActiveCfg = Release|Win32
		{ADE6A938-AE4A-4135-9161-6B72FF8BDD99}.Release|x86.Build.0 = Release|Win32
		{C2066342-1747-45A6-8D5F-7BAEA37EC948}.Debug|x64.ActiveCfg = Debug|x64
		{C2066342-1747-45A6-8D5F-7BAEA37EC948}.Debug|x64.Build.0 = Debug|x64
		{C2066342-1747-45A6-8D5F-7BAEA37EC948}.Debug|x86.ActiveCfg = Debug|Win32
		{C2066342-1747-45A6-8D5F-7BAEA37EC948}.Debug|x86.Build.0 = Debug|Win32
		{C2066342-1747-45A6-8D5F-7BAEA37EC948}.Release|x64.ActiveCfg = Release|x64
		{C2066342-1747-45A6-8D5F-7BAEA37EC948}.Release|x64.Build.0 = Release|x64
		{C2066342-1747-45A6-8D5F-7BAEA37EC948}.Release|x86.ActiveCfg = Release|Win32
		{C2066342-1747-45A6-8D5F-7BAEA37EC948}.Release|x86.Build.0 = Release|Win32
		{8A256FF3-E83E-460E-998F-A90C63905188}.Debug|x64.ActiveCfg = Debug|x64
		{8A256FF3-E83E-460E-998F-A90C63905188}.Debug|x64.Build.0 = Debug|x64
		{8A256FF3-E83E-460E-998F-A90C63905188}.Debug|x86.ActiveCfg = Debug|Win32
		{8A256FF3-E83E-460E-998F-A90C63905188}.Debug|x86.Build.0 = Debug|Win32
		{8A256FF3-E83E-460E-998F-A90C63905188}.Release|x64.ActiveCfg = Release|x64
		{8A256FF3-E83E-460E-998F-A90C63905188}.Release|x64.Build.0 = Release|x64
		{8A256FF3-E83E-460E-998F-A90C63905188}.Release|x86.ActiveCfg = Release|Win32
		{8A256FF3-E83E-460E-998F-A90C63905188}.Release|x86.Build.0 = Release|Win32
		{F0FB664A-F663-4237-B5AE-89FBC3CE3C4C}.Debug|x64.ActiveCfg = Debug|x64
		{F0FB664A-F663-4237-B5AE-89FBC3CE3C4C}.Debug|x64.Build.0 = Debug|x64
		{F0FB664A-F663-4237-B5AE-89FBC3CE3C4C}.Debug|x86.ActiveCfg = Debug|Win32
		{F0FB664A-F663-4237-B5AE-89FBC3CE3C4C}.Debug|x86.Build.0 = Debug|Win32
		{F0FB664A-F663-4237-B5AE-89FBC3CE3C4C}.Release|x64.ActiveCfg = Release|x64
		{F0FB664A-F663-4237-B5AE-89FBC3CE3C4C}.Release|x64.Build.0 = Release|x64
		{F0FB664A-F663-4237-B5AE-89FBC3CE3C4C}.Release|x86.ActiveCfg = Release|Win32
		{F0FB664A-F663-4237-B5AE-89FBC3CE3C4C}.Release|x86.Build.0 = Release|Win32
		{F2EB9578-ED7E-4230-A0E9-BD72FC5BFF0E}.Debug|x64.ActiveCfg = Debug|x64
		{F2EB9578-ED7E-4230-A0E9-BD72FC5BFF0E}.Debug|x64.Build.0 = Debug|x64
		{F2EB9578-ED7E-4230-A0E9-BD72FC5BFF0E}.Debug|x86.ActiveCfg = Debug|Win32
		{F2EB9578-ED7E-4230-A0E9-BD72FC5BFF0E}.Debug|x86.Build.0 = Debug|Win32
		{F2EB9578-ED7E-4230-A0E9-BD72FC5BFF0E}.Release|x64.ActiveCfg = Release|x64
		{F2EB9578-ED7E-4230-A0E9-BD72FC5BFF0E}.Release|x64.Build.0 = Release|x64
		{F2EB9578-ED7E-4230-A0E9-BD72FC5BFF0E}.Release|x86.ActiveCfg = Release|Win32
		{F2EB9578-ED7E-4230-A0E9-BD72FC5BFF0E}.Release|x86.Build.0 = Release|Win32
		{18A823E2-BD78-4797-8079-ACF6DC04EAE8}.Debug|x64.ActiveCfg = Debug|x64
		{18A823E2-BD78-4797-8079-ACF6DC04EAE8}.Debug|x64.Build.0 = Debug|x64
		{18A823E2-BD78-4797-8079-ACF6DC04EAE8}.Debug|x86.ActiveCfg = Debug|Win32
		{18A823E2-BD78-4797-8079-ACF6DC04EAE8}.Debug|x86.Build.0 = Debug|Win32
		{18A823E2-BD78-4797-8079-ACF6DC04EAE8}.Release|x64.ActiveCfg = Release|x64
		{18A823E2-BD78-4797-8079-ACF6DC04EAE8}.Release|x64.Build.0 = Release|x64
		{18A823E2-BD78-4797-8079-ACF6DC04EAE8}.Release|x86.ActiveCfg = Release|Win32
		{18A823E2-BD78-4797-8079-ACF6DC04EAE8}.Release|x86.Build.0 = Release|Win32
		{F0676FC2-1298-43E4-AA8B-EC36DB4E86A0}.Debug|x64.ActiveCfg = Debug|x64
		{F0676FC2-1298-43E4-AA8B-EC36DB4E86A0}.Debug|x64.Build.0 = Debug|x64
		{F0676FC2-1298-43E4-AA8B-EC36DB4E86A0}.Debug|x86.ActiveCfg = Debug|Win32
		{F0676FC2-1298-43E4-AA8B-EC36DB4E86A0}.Debug|x86.Build.0 = Debug|Win32
		{F0676FC2-1298-43E4-AA8B-EC36DB4E86A0}.Release|x64.ActiveCfg = Release|x64
		{F0676FC2-1298-43E4-AA8B-EC36DB4E86A0}.Release|x64.Build.0 = Release|x64
		{F0676FC2-1298-43E4-AA8B-EC36DB4E86A0}.Release|x86.ActiveCfg = Release|Win32
		{F0676FC2-1298-43E4-AA8B-EC36DB4E86A0}.Release|x86.Build.0 = Release|Win32
		{1F0AD300-E4D3-4E96-B51A-F1813E5C02D6}.Debug|x64.ActiveCfg = Debug|x64
		{1F0AD300-E4D3-4E96-B51A-F1813E5C02D6}.Debug|x64.Build.0 = Debug|x64
		{1F0AD300-E4D3-4E96-B51A-F1813E5C02D6}.Debug|x86.ActiveCfg = Debug|Win32
		{1F0AD300-E4D3-4E96-B51A-F1813E5C02D6}.Debug|x86.Build.0 = Debug|Win32
		{1F0AD300-E4D3-4E96-B51A-F1813E5C02D6}.Release|x64.ActiveCfg = Release|x64
		{1F0AD300-E4D3-4E96-B51A-F1813E5C02D6}.Release|x64.Build.0 = Release|x64
		{1F0AD300-E4D3-4E96-B51A-F1813E5C02D6}.Release|x86.ActiveCfg = Release|Win32
		{1F0AD300-E4D3-4E96-B51A-F1813E5C02D6}.Release|x86.Build.0 = Release|Win32
	EndGlobalSection
	GlobalSection(SolutionProperties) = preSolution
		HideSolutionNode = FALSE
	EndGlobalSection
	GlobalSection(ExtensibilityGlobals) = postSolution
		SolutionGuid = {A8588456-98E3-4726-8028-A4C01E562E8D}
	EndGlobalSection
EndGlobal
